
Microsoft Visual Studio Solution File, Format Version 12.00
# Visual Studio 14
VisualStudioVersion = 14.0.24720.0
MinimumVisualStudioVersion = 10.0.40219.1
Project("{FAE04EC0-301F-11D3-BF4B-00C04F79EFBC}") = "MyHealth.Client.Core", "src\MyHealth.Client.Core\MyHealth.Client.Core.csproj", "{8815D5DB-4912-4A7B-8097-C8B29DCDB75D}"
EndProject
Project("{FAE04EC0-301F-11D3-BF4B-00C04F79EFBC}") = "MyHealth.Client.Droid", "src\MyHealth.Client.Droid\MyHealth.Client.Droid.csproj", "{14C09982-15CC-4337-8762-98DABAA22863}"
EndProject
Project("{FAE04EC0-301F-11D3-BF4B-00C04F79EFBC}") = "MyHealth.Client.iOS", "src\MyHealth.Client.iOS\MyHealth.Client.iOS.csproj", "{8F9F1CB1-4D76-400F-B57D-68DF3C5977A6}"
EndProject
Project("{FAE04EC0-301F-11D3-BF4B-00C04F79EFBC}") = "MyHealth.Client.W10.UWP", "src\MyHealth.Client.W10.UWP\MyHealth.Client.W10.UWP.csproj", "{B136C594-8CEC-4B3C-ADD4-5735CFAEA13F}"
EndProject
Project("{2150E333-8FDC-42A3-9474-1A3956D46DE8}") = "Tests", "Tests", "{286AEE2A-02A8-4345-A7A7-7955AD986BD3}"
EndProject
Project("{FAE04EC0-301F-11D3-BF4B-00C04F79EFBC}") = "MyHealth.Client.Core.UnitTests", "src\Tests\MyHealth.Client.Core.UnitTests\MyHealth.Client.Core.UnitTests.csproj", "{D623F19D-7A92-45BF-919C-D185A6A2E4E7}"
EndProject
Project("{FAE04EC0-301F-11D3-BF4B-00C04F79EFBC}") = "MyHealth.Client.Droid.UITests", "src\Tests\MyHealth.Client.Droid.UITests\MyHealth.Client.Droid.UITests.csproj", "{CC419A6E-82EF-42A2-9487-C1D70EB14B34}"
EndProject
Global
	GlobalSection(SolutionConfigurationPlatforms) = preSolution
		Ad-Hoc|Any CPU = Ad-Hoc|Any CPU
		Ad-Hoc|ARM = Ad-Hoc|ARM
		Ad-Hoc|iPhone = Ad-Hoc|iPhone
		Ad-Hoc|iPhoneSimulator = Ad-Hoc|iPhoneSimulator
		Ad-Hoc|x64 = Ad-Hoc|x64
		Ad-Hoc|x86 = Ad-Hoc|x86
		AppStore|Any CPU = AppStore|Any CPU
		AppStore|ARM = AppStore|ARM
		AppStore|iPhone = AppStore|iPhone
		AppStore|iPhoneSimulator = AppStore|iPhoneSimulator
		AppStore|x64 = AppStore|x64
		AppStore|x86 = AppStore|x86
		Debug|Any CPU = Debug|Any CPU
		Debug|ARM = Debug|ARM
		Debug|iPhone = Debug|iPhone
		Debug|iPhoneSimulator = Debug|iPhoneSimulator
		Debug|x64 = Debug|x64
		Debug|x86 = Debug|x86
		Release|Any CPU = Release|Any CPU
		Release|ARM = Release|ARM
		Release|iPhone = Release|iPhone
		Release|iPhoneSimulator = Release|iPhoneSimulator
		Release|x64 = Release|x64
		Release|x86 = Release|x86
	EndGlobalSection
	GlobalSection(ProjectConfigurationPlatforms) = postSolution
		{8815D5DB-4912-4A7B-8097-C8B29DCDB75D}.Ad-Hoc|Any CPU.ActiveCfg = Release|Any CPU
		{8815D5DB-4912-4A7B-8097-C8B29DCDB75D}.Ad-Hoc|Any CPU.Build.0 = Release|Any CPU
		{8815D5DB-4912-4A7B-8097-C8B29DCDB75D}.Ad-Hoc|ARM.ActiveCfg = Debug|Any CPU
		{8815D5DB-4912-4A7B-8097-C8B29DCDB75D}.Ad-Hoc|ARM.Build.0 = Debug|Any CPU
		{8815D5DB-4912-4A7B-8097-C8B29DCDB75D}.Ad-Hoc|iPhone.ActiveCfg = Release|Any CPU
		{8815D5DB-4912-4A7B-8097-C8B29DCDB75D}.Ad-Hoc|iPhone.Build.0 = Release|Any CPU
		{8815D5DB-4912-4A7B-8097-C8B29DCDB75D}.Ad-Hoc|iPhoneSimulator.ActiveCfg = Release|Any CPU
		{8815D5DB-4912-4A7B-8097-C8B29DCDB75D}.Ad-Hoc|iPhoneSimulator.Build.0 = Release|Any CPU
		{8815D5DB-4912-4A7B-8097-C8B29DCDB75D}.Ad-Hoc|x64.ActiveCfg = Debug|Any CPU
		{8815D5DB-4912-4A7B-8097-C8B29DCDB75D}.Ad-Hoc|x64.Build.0 = Debug|Any CPU
		{8815D5DB-4912-4A7B-8097-C8B29DCDB75D}.Ad-Hoc|x86.ActiveCfg = Debug|Any CPU
		{8815D5DB-4912-4A7B-8097-C8B29DCDB75D}.Ad-Hoc|x86.Build.0 = Debug|Any CPU
		{8815D5DB-4912-4A7B-8097-C8B29DCDB75D}.AppStore|Any CPU.ActiveCfg = Release|Any CPU
		{8815D5DB-4912-4A7B-8097-C8B29DCDB75D}.AppStore|Any CPU.Build.0 = Release|Any CPU
		{8815D5DB-4912-4A7B-8097-C8B29DCDB75D}.AppStore|ARM.ActiveCfg = Debug|Any CPU
		{8815D5DB-4912-4A7B-8097-C8B29DCDB75D}.AppStore|ARM.Build.0 = Debug|Any CPU
		{8815D5DB-4912-4A7B-8097-C8B29DCDB75D}.AppStore|iPhone.ActiveCfg = Release|Any CPU
		{8815D5DB-4912-4A7B-8097-C8B29DCDB75D}.AppStore|iPhone.Build.0 = Release|Any CPU
		{8815D5DB-4912-4A7B-8097-C8B29DCDB75D}.AppStore|iPhoneSimulator.ActiveCfg = Release|Any CPU
		{8815D5DB-4912-4A7B-8097-C8B29DCDB75D}.AppStore|iPhoneSimulator.Build.0 = Release|Any CPU
		{8815D5DB-4912-4A7B-8097-C8B29DCDB75D}.AppStore|x64.ActiveCfg = Debug|Any CPU
		{8815D5DB-4912-4A7B-8097-C8B29DCDB75D}.AppStore|x64.Build.0 = Debug|Any CPU
		{8815D5DB-4912-4A7B-8097-C8B29DCDB75D}.AppStore|x86.ActiveCfg = Debug|Any CPU
		{8815D5DB-4912-4A7B-8097-C8B29DCDB75D}.AppStore|x86.Build.0 = Debug|Any CPU
		{8815D5DB-4912-4A7B-8097-C8B29DCDB75D}.Debug|Any CPU.ActiveCfg = Debug|Any CPU
		{8815D5DB-4912-4A7B-8097-C8B29DCDB75D}.Debug|Any CPU.Build.0 = Debug|Any CPU
		{8815D5DB-4912-4A7B-8097-C8B29DCDB75D}.Debug|ARM.ActiveCfg = Debug|Any CPU
		{8815D5DB-4912-4A7B-8097-C8B29DCDB75D}.Debug|ARM.Build.0 = Debug|Any CPU
		{8815D5DB-4912-4A7B-8097-C8B29DCDB75D}.Debug|iPhone.ActiveCfg = Debug|Any CPU
		{8815D5DB-4912-4A7B-8097-C8B29DCDB75D}.Debug|iPhone.Build.0 = Debug|Any CPU
		{8815D5DB-4912-4A7B-8097-C8B29DCDB75D}.Debug|iPhoneSimulator.ActiveCfg = Debug|Any CPU
		{8815D5DB-4912-4A7B-8097-C8B29DCDB75D}.Debug|iPhoneSimulator.Build.0 = Debug|Any CPU
		{8815D5DB-4912-4A7B-8097-C8B29DCDB75D}.Debug|x64.ActiveCfg = Debug|Any CPU
		{8815D5DB-4912-4A7B-8097-C8B29DCDB75D}.Debug|x64.Build.0 = Debug|Any CPU
		{8815D5DB-4912-4A7B-8097-C8B29DCDB75D}.Debug|x86.ActiveCfg = Debug|Any CPU
		{8815D5DB-4912-4A7B-8097-C8B29DCDB75D}.Debug|x86.Build.0 = Debug|Any CPU
		{8815D5DB-4912-4A7B-8097-C8B29DCDB75D}.Release|Any CPU.ActiveCfg = Release|Any CPU
		{8815D5DB-4912-4A7B-8097-C8B29DCDB75D}.Release|Any CPU.Build.0 = Release|Any CPU
		{8815D5DB-4912-4A7B-8097-C8B29DCDB75D}.Release|ARM.ActiveCfg = Release|Any CPU
		{8815D5DB-4912-4A7B-8097-C8B29DCDB75D}.Release|ARM.Build.0 = Release|Any CPU
		{8815D5DB-4912-4A7B-8097-C8B29DCDB75D}.Release|iPhone.ActiveCfg = Release|Any CPU
		{8815D5DB-4912-4A7B-8097-C8B29DCDB75D}.Release|iPhone.Build.0 = Release|Any CPU
		{8815D5DB-4912-4A7B-8097-C8B29DCDB75D}.Release|iPhoneSimulator.ActiveCfg = Release|Any CPU
		{8815D5DB-4912-4A7B-8097-C8B29DCDB75D}.Release|iPhoneSimulator.Build.0 = Release|Any CPU
		{8815D5DB-4912-4A7B-8097-C8B29DCDB75D}.Release|x64.ActiveCfg = Release|Any CPU
		{8815D5DB-4912-4A7B-8097-C8B29DCDB75D}.Release|x64.Build.0 = Release|Any CPU
		{8815D5DB-4912-4A7B-8097-C8B29DCDB75D}.Release|x86.ActiveCfg = Release|Any CPU
		{8815D5DB-4912-4A7B-8097-C8B29DCDB75D}.Release|x86.Build.0 = Release|Any CPU
		{14C09982-15CC-4337-8762-98DABAA22863}.Ad-Hoc|Any CPU.ActiveCfg = Release|Any CPU
		{14C09982-15CC-4337-8762-98DABAA22863}.Ad-Hoc|Any CPU.Build.0 = Release|Any CPU
		{14C09982-15CC-4337-8762-98DABAA22863}.Ad-Hoc|Any CPU.Deploy.0 = Release|Any CPU
		{14C09982-15CC-4337-8762-98DABAA22863}.Ad-Hoc|ARM.ActiveCfg = Debug|Any CPU
		{14C09982-15CC-4337-8762-98DABAA22863}.Ad-Hoc|ARM.Build.0 = Debug|Any CPU
		{14C09982-15CC-4337-8762-98DABAA22863}.Ad-Hoc|ARM.Deploy.0 = Debug|Any CPU
		{14C09982-15CC-4337-8762-98DABAA22863}.Ad-Hoc|iPhone.ActiveCfg = Release|Any CPU
		{14C09982-15CC-4337-8762-98DABAA22863}.Ad-Hoc|iPhone.Build.0 = Release|Any CPU
		{14C09982-15CC-4337-8762-98DABAA22863}.Ad-Hoc|iPhone.Deploy.0 = Release|Any CPU
		{14C09982-15CC-4337-8762-98DABAA22863}.Ad-Hoc|iPhoneSimulator.ActiveCfg = Release|Any CPU
		{14C09982-15CC-4337-8762-98DABAA22863}.Ad-Hoc|iPhoneSimulator.Build.0 = Release|Any CPU
		{14C09982-15CC-4337-8762-98DABAA22863}.Ad-Hoc|iPhoneSimulator.Deploy.0 = Release|Any CPU
		{14C09982-15CC-4337-8762-98DABAA22863}.Ad-Hoc|x64.ActiveCfg = Debug|Any CPU
		{14C09982-15CC-4337-8762-98DABAA22863}.Ad-Hoc|x64.Build.0 = Debug|Any CPU
		{14C09982-15CC-4337-8762-98DABAA22863}.Ad-Hoc|x64.Deploy.0 = Debug|Any CPU
		{14C09982-15CC-4337-8762-98DABAA22863}.Ad-Hoc|x86.ActiveCfg = Debug|Any CPU
		{14C09982-15CC-4337-8762-98DABAA22863}.Ad-Hoc|x86.Build.0 = Debug|Any CPU
		{14C09982-15CC-4337-8762-98DABAA22863}.Ad-Hoc|x86.Deploy.0 = Debug|Any CPU
		{14C09982-15CC-4337-8762-98DABAA22863}.AppStore|Any CPU.ActiveCfg = Release|Any CPU
		{14C09982-15CC-4337-8762-98DABAA22863}.AppStore|Any CPU.Build.0 = Release|Any CPU
		{14C09982-15CC-4337-8762-98DABAA22863}.AppStore|Any CPU.Deploy.0 = Release|Any CPU
		{14C09982-15CC-4337-8762-98DABAA22863}.AppStore|ARM.ActiveCfg = Debug|Any CPU
		{14C09982-15CC-4337-8762-98DABAA22863}.AppStore|ARM.Build.0 = Debug|Any CPU
		{14C09982-15CC-4337-8762-98DABAA22863}.AppStore|ARM.Deploy.0 = Debug|Any CPU
		{14C09982-15CC-4337-8762-98DABAA22863}.AppStore|iPhone.ActiveCfg = Release|Any CPU
		{14C09982-15CC-4337-8762-98DABAA22863}.AppStore|iPhone.Build.0 = Release|Any CPU
		{14C09982-15CC-4337-8762-98DABAA22863}.AppStore|iPhone.Deploy.0 = Release|Any CPU
		{14C09982-15CC-4337-8762-98DABAA22863}.AppStore|iPhoneSimulator.ActiveCfg = Release|Any CPU
		{14C09982-15CC-4337-8762-98DABAA22863}.AppStore|iPhoneSimulator.Build.0 = Release|Any CPU
		{14C09982-15CC-4337-8762-98DABAA22863}.AppStore|iPhoneSimulator.Deploy.0 = Release|Any CPU
		{14C09982-15CC-4337-8762-98DABAA22863}.AppStore|x64.ActiveCfg = Debug|Any CPU
		{14C09982-15CC-4337-8762-98DABAA22863}.AppStore|x64.Build.0 = Debug|Any CPU
		{14C09982-15CC-4337-8762-98DABAA22863}.AppStore|x64.Deploy.0 = Debug|Any CPU
		{14C09982-15CC-4337-8762-98DABAA22863}.AppStore|x86.ActiveCfg = Debug|Any CPU
		{14C09982-15CC-4337-8762-98DABAA22863}.AppStore|x86.Build.0 = Debug|Any CPU
		{14C09982-15CC-4337-8762-98DABAA22863}.AppStore|x86.Deploy.0 = Debug|Any CPU
		{14C09982-15CC-4337-8762-98DABAA22863}.Debug|Any CPU.ActiveCfg = Debug|Any CPU
		{14C09982-15CC-4337-8762-98DABAA22863}.Debug|Any CPU.Build.0 = Debug|Any CPU
		{14C09982-15CC-4337-8762-98DABAA22863}.Debug|Any CPU.Deploy.0 = Debug|Any CPU
		{14C09982-15CC-4337-8762-98DABAA22863}.Debug|ARM.ActiveCfg = Debug|Any CPU
		{14C09982-15CC-4337-8762-98DABAA22863}.Debug|ARM.Build.0 = Debug|Any CPU
		{14C09982-15CC-4337-8762-98DABAA22863}.Debug|ARM.Deploy.0 = Debug|Any CPU
		{14C09982-15CC-4337-8762-98DABAA22863}.Debug|iPhone.ActiveCfg = Debug|Any CPU
		{14C09982-15CC-4337-8762-98DABAA22863}.Debug|iPhone.Build.0 = Debug|Any CPU
		{14C09982-15CC-4337-8762-98DABAA22863}.Debug|iPhone.Deploy.0 = Debug|Any CPU
		{14C09982-15CC-4337-8762-98DABAA22863}.Debug|iPhoneSimulator.ActiveCfg = Debug|Any CPU
		{14C09982-15CC-4337-8762-98DABAA22863}.Debug|iPhoneSimulator.Build.0 = Debug|Any CPU
		{14C09982-15CC-4337-8762-98DABAA22863}.Debug|iPhoneSimulator.Deploy.0 = Debug|Any CPU
		{14C09982-15CC-4337-8762-98DABAA22863}.Debug|x64.ActiveCfg = Debug|Any CPU
		{14C09982-15CC-4337-8762-98DABAA22863}.Debug|x64.Build.0 = Debug|Any CPU
		{14C09982-15CC-4337-8762-98DABAA22863}.Debug|x64.Deploy.0 = Debug|Any CPU
		{14C09982-15CC-4337-8762-98DABAA22863}.Debug|x86.ActiveCfg = Debug|Any CPU
		{14C09982-15CC-4337-8762-98DABAA22863}.Debug|x86.Build.0 = Debug|Any CPU
		{14C09982-15CC-4337-8762-98DABAA22863}.Debug|x86.Deploy.0 = Debug|Any CPU
		{14C09982-15CC-4337-8762-98DABAA22863}.Release|Any CPU.ActiveCfg = Release|Any CPU
		{14C09982-15CC-4337-8762-98DABAA22863}.Release|Any CPU.Build.0 = Release|Any CPU
		{14C09982-15CC-4337-8762-98DABAA22863}.Release|Any CPU.Deploy.0 = Release|Any CPU
		{14C09982-15CC-4337-8762-98DABAA22863}.Release|ARM.ActiveCfg = Release|Any CPU
		{14C09982-15CC-4337-8762-98DABAA22863}.Release|ARM.Build.0 = Release|Any CPU
		{14C09982-15CC-4337-8762-98DABAA22863}.Release|ARM.Deploy.0 = Release|Any CPU
		{14C09982-15CC-4337-8762-98DABAA22863}.Release|iPhone.ActiveCfg = Release|Any CPU
		{14C09982-15CC-4337-8762-98DABAA22863}.Release|iPhone.Build.0 = Release|Any CPU
		{14C09982-15CC-4337-8762-98DABAA22863}.Release|iPhone.Deploy.0 = Release|Any CPU
		{14C09982-15CC-4337-8762-98DABAA22863}.Release|iPhoneSimulator.ActiveCfg = Release|Any CPU
		{14C09982-15CC-4337-8762-98DABAA22863}.Release|iPhoneSimulator.Build.0 = Release|Any CPU
		{14C09982-15CC-4337-8762-98DABAA22863}.Release|iPhoneSimulator.Deploy.0 = Release|Any CPU
		{14C09982-15CC-4337-8762-98DABAA22863}.Release|x64.ActiveCfg = Release|Any CPU
		{14C09982-15CC-4337-8762-98DABAA22863}.Release|x64.Build.0 = Release|Any CPU
		{14C09982-15CC-4337-8762-98DABAA22863}.Release|x64.Deploy.0 = Release|Any CPU
		{14C09982-15CC-4337-8762-98DABAA22863}.Release|x86.ActiveCfg = Release|Any CPU
		{14C09982-15CC-4337-8762-98DABAA22863}.Release|x86.Build.0 = Release|Any CPU
		{14C09982-15CC-4337-8762-98DABAA22863}.Release|x86.Deploy.0 = Release|Any CPU
		{8F9F1CB1-4D76-400F-B57D-68DF3C5977A6}.Ad-Hoc|Any CPU.ActiveCfg = Ad-Hoc|iPhone
		{8F9F1CB1-4D76-400F-B57D-68DF3C5977A6}.Ad-Hoc|ARM.ActiveCfg = Ad-Hoc|iPhoneSimulator
		{8F9F1CB1-4D76-400F-B57D-68DF3C5977A6}.Ad-Hoc|iPhone.ActiveCfg = Ad-Hoc|iPhone
		{8F9F1CB1-4D76-400F-B57D-68DF3C5977A6}.Ad-Hoc|iPhone.Build.0 = Ad-Hoc|iPhone
		{8F9F1CB1-4D76-400F-B57D-68DF3C5977A6}.Ad-Hoc|iPhoneSimulator.ActiveCfg = Ad-Hoc|iPhoneSimulator
		{8F9F1CB1-4D76-400F-B57D-68DF3C5977A6}.Ad-Hoc|iPhoneSimulator.Build.0 = Ad-Hoc|iPhoneSimulator
		{8F9F1CB1-4D76-400F-B57D-68DF3C5977A6}.Ad-Hoc|x64.ActiveCfg = Ad-Hoc|iPhoneSimulator
		{8F9F1CB1-4D76-400F-B57D-68DF3C5977A6}.Ad-Hoc|x86.ActiveCfg = Ad-Hoc|iPhoneSimulator
		{8F9F1CB1-4D76-400F-B57D-68DF3C5977A6}.AppStore|Any CPU.ActiveCfg = AppStore|iPhone
		{8F9F1CB1-4D76-400F-B57D-68DF3C5977A6}.AppStore|ARM.ActiveCfg = AppStore|iPhoneSimulator
		{8F9F1CB1-4D76-400F-B57D-68DF3C5977A6}.AppStore|iPhone.ActiveCfg = AppStore|iPhone
		{8F9F1CB1-4D76-400F-B57D-68DF3C5977A6}.AppStore|iPhone.Build.0 = AppStore|iPhone
		{8F9F1CB1-4D76-400F-B57D-68DF3C5977A6}.AppStore|iPhoneSimulator.ActiveCfg = AppStore|iPhoneSimulator
		{8F9F1CB1-4D76-400F-B57D-68DF3C5977A6}.AppStore|iPhoneSimulator.Build.0 = AppStore|iPhoneSimulator
		{8F9F1CB1-4D76-400F-B57D-68DF3C5977A6}.AppStore|x64.ActiveCfg = AppStore|iPhoneSimulator
		{8F9F1CB1-4D76-400F-B57D-68DF3C5977A6}.AppStore|x86.ActiveCfg = AppStore|iPhoneSimulator
		{8F9F1CB1-4D76-400F-B57D-68DF3C5977A6}.Debug|Any CPU.ActiveCfg = Debug|iPhone
		{8F9F1CB1-4D76-400F-B57D-68DF3C5977A6}.Debug|ARM.ActiveCfg = Debug|iPhoneSimulator
		{8F9F1CB1-4D76-400F-B57D-68DF3C5977A6}.Debug|iPhone.ActiveCfg = Debug|iPhone
		{8F9F1CB1-4D76-400F-B57D-68DF3C5977A6}.Debug|iPhone.Build.0 = Debug|iPhone
		{8F9F1CB1-4D76-400F-B57D-68DF3C5977A6}.Debug|iPhoneSimulator.ActiveCfg = Debug|iPhoneSimulator
		{8F9F1CB1-4D76-400F-B57D-68DF3C5977A6}.Debug|iPhoneSimulator.Build.0 = Debug|iPhoneSimulator
		{8F9F1CB1-4D76-400F-B57D-68DF3C5977A6}.Debug|x64.ActiveCfg = Debug|iPhoneSimulator
		{8F9F1CB1-4D76-400F-B57D-68DF3C5977A6}.Debug|x86.ActiveCfg = Debug|iPhoneSimulator
		{8F9F1CB1-4D76-400F-B57D-68DF3C5977A6}.Release|Any CPU.ActiveCfg = Release|iPhone
		{8F9F1CB1-4D76-400F-B57D-68DF3C5977A6}.Release|Any CPU.Deploy.0 = Release|iPhone
		{8F9F1CB1-4D76-400F-B57D-68DF3C5977A6}.Release|ARM.ActiveCfg = Release|iPhoneSimulator
		{8F9F1CB1-4D76-400F-B57D-68DF3C5977A6}.Release|iPhone.ActiveCfg = Release|iPhone
		{8F9F1CB1-4D76-400F-B57D-68DF3C5977A6}.Release|iPhone.Build.0 = Release|iPhone
		{8F9F1CB1-4D76-400F-B57D-68DF3C5977A6}.Release|iPhoneSimulator.ActiveCfg = Release|iPhoneSimulator
		{8F9F1CB1-4D76-400F-B57D-68DF3C5977A6}.Release|iPhoneSimulator.Build.0 = Release|iPhoneSimulator
		{8F9F1CB1-4D76-400F-B57D-68DF3C5977A6}.Release|x64.ActiveCfg = Release|iPhoneSimulator
		{8F9F1CB1-4D76-400F-B57D-68DF3C5977A6}.Release|x86.ActiveCfg = Release|iPhoneSimulator
		{B136C594-8CEC-4B3C-ADD4-5735CFAEA13F}.Ad-Hoc|Any CPU.ActiveCfg = Release|x86
		{B136C594-8CEC-4B3C-ADD4-5735CFAEA13F}.Ad-Hoc|Any CPU.Build.0 = Release|x86
		{B136C594-8CEC-4B3C-ADD4-5735CFAEA13F}.Ad-Hoc|Any CPU.Deploy.0 = Release|x86
		{B136C594-8CEC-4B3C-ADD4-5735CFAEA13F}.Ad-Hoc|ARM.ActiveCfg = Release|ARM
		{B136C594-8CEC-4B3C-ADD4-5735CFAEA13F}.Ad-Hoc|ARM.Build.0 = Release|ARM
		{B136C594-8CEC-4B3C-ADD4-5735CFAEA13F}.Ad-Hoc|ARM.Deploy.0 = Release|ARM
		{B136C594-8CEC-4B3C-ADD4-5735CFAEA13F}.Ad-Hoc|iPhone.ActiveCfg = Release|x86
		{B136C594-8CEC-4B3C-ADD4-5735CFAEA13F}.Ad-Hoc|iPhone.Build.0 = Release|x86
		{B136C594-8CEC-4B3C-ADD4-5735CFAEA13F}.Ad-Hoc|iPhone.Deploy.0 = Release|x86
		{B136C594-8CEC-4B3C-ADD4-5735CFAEA13F}.Ad-Hoc|iPhoneSimulator.ActiveCfg = Release|x86
		{B136C594-8CEC-4B3C-ADD4-5735CFAEA13F}.Ad-Hoc|iPhoneSimulator.Build.0 = Release|x86
		{B136C594-8CEC-4B3C-ADD4-5735CFAEA13F}.Ad-Hoc|iPhoneSimulator.Deploy.0 = Release|x86
		{B136C594-8CEC-4B3C-ADD4-5735CFAEA13F}.Ad-Hoc|x64.ActiveCfg = Release|x64
		{B136C594-8CEC-4B3C-ADD4-5735CFAEA13F}.Ad-Hoc|x64.Build.0 = Release|x64
		{B136C594-8CEC-4B3C-ADD4-5735CFAEA13F}.Ad-Hoc|x64.Deploy.0 = Release|x64
		{B136C594-8CEC-4B3C-ADD4-5735CFAEA13F}.Ad-Hoc|x86.ActiveCfg = Release|x86
		{B136C594-8CEC-4B3C-ADD4-5735CFAEA13F}.Ad-Hoc|x86.Build.0 = Release|x86
		{B136C594-8CEC-4B3C-ADD4-5735CFAEA13F}.Ad-Hoc|x86.Deploy.0 = Release|x86
		{B136C594-8CEC-4B3C-ADD4-5735CFAEA13F}.AppStore|Any CPU.ActiveCfg = Release|x86
		{B136C594-8CEC-4B3C-ADD4-5735CFAEA13F}.AppStore|Any CPU.Build.0 = Release|x86
		{B136C594-8CEC-4B3C-ADD4-5735CFAEA13F}.AppStore|Any CPU.Deploy.0 = Release|x86
		{B136C594-8CEC-4B3C-ADD4-5735CFAEA13F}.AppStore|ARM.ActiveCfg = Release|ARM
		{B136C594-8CEC-4B3C-ADD4-5735CFAEA13F}.AppStore|ARM.Build.0 = Release|ARM
		{B136C594-8CEC-4B3C-ADD4-5735CFAEA13F}.AppStore|ARM.Deploy.0 = Release|ARM
		{B136C594-8CEC-4B3C-ADD4-5735CFAEA13F}.AppStore|iPhone.ActiveCfg = Release|x86
		{B136C594-8CEC-4B3C-ADD4-5735CFAEA13F}.AppStore|iPhone.Build.0 = Release|x86
		{B136C594-8CEC-4B3C-ADD4-5735CFAEA13F}.AppStore|iPhone.Deploy.0 = Release|x86
		{B136C594-8CEC-4B3C-ADD4-5735CFAEA13F}.AppStore|iPhoneSimulator.ActiveCfg = Release|x86
		{B136C594-8CEC-4B3C-ADD4-5735CFAEA13F}.AppStore|iPhoneSimulator.Build.0 = Release|x86
		{B136C594-8CEC-4B3C-ADD4-5735CFAEA13F}.AppStore|iPhoneSimulator.Deploy.0 = Release|x86
		{B136C594-8CEC-4B3C-ADD4-5735CFAEA13F}.AppStore|x64.ActiveCfg = Release|x64
		{B136C594-8CEC-4B3C-ADD4-5735CFAEA13F}.AppStore|x64.Build.0 = Release|x64
		{B136C594-8CEC-4B3C-ADD4-5735CFAEA13F}.AppStore|x64.Deploy.0 = Release|x64
		{B136C594-8CEC-4B3C-ADD4-5735CFAEA13F}.AppStore|x86.ActiveCfg = Release|x86
		{B136C594-8CEC-4B3C-ADD4-5735CFAEA13F}.AppStore|x86.Build.0 = Release|x86
		{B136C594-8CEC-4B3C-ADD4-5735CFAEA13F}.AppStore|x86.Deploy.0 = Release|x86
		{B136C594-8CEC-4B3C-ADD4-5735CFAEA13F}.Debug|Any CPU.ActiveCfg = Debug|x86
		{B136C594-8CEC-4B3C-ADD4-5735CFAEA13F}.Debug|Any CPU.Build.0 = Debug|x86
		{B136C594-8CEC-4B3C-ADD4-5735CFAEA13F}.Debug|Any CPU.Deploy.0 = Debug|x86
		{B136C594-8CEC-4B3C-ADD4-5735CFAEA13F}.Debug|ARM.ActiveCfg = Debug|ARM
		{B136C594-8CEC-4B3C-ADD4-5735CFAEA13F}.Debug|ARM.Build.0 = Debug|ARM
		{B136C594-8CEC-4B3C-ADD4-5735CFAEA13F}.Debug|ARM.Deploy.0 = Debug|ARM
		{B136C594-8CEC-4B3C-ADD4-5735CFAEA13F}.Debug|iPhone.ActiveCfg = Debug|x86
		{B136C594-8CEC-4B3C-ADD4-5735CFAEA13F}.Debug|iPhoneSimulator.ActiveCfg = Debug|x86
		{B136C594-8CEC-4B3C-ADD4-5735CFAEA13F}.Debug|x64.ActiveCfg = Debug|x64
		{B136C594-8CEC-4B3C-ADD4-5735CFAEA13F}.Debug|x64.Build.0 = Debug|x64
		{B136C594-8CEC-4B3C-ADD4-5735CFAEA13F}.Debug|x64.Deploy.0 = Debug|x64
		{B136C594-8CEC-4B3C-ADD4-5735CFAEA13F}.Debug|x86.ActiveCfg = Debug|x86
		{B136C594-8CEC-4B3C-ADD4-5735CFAEA13F}.Debug|x86.Build.0 = Debug|x86
		{B136C594-8CEC-4B3C-ADD4-5735CFAEA13F}.Debug|x86.Deploy.0 = Debug|x86
		{B136C594-8CEC-4B3C-ADD4-5735CFAEA13F}.Release|Any CPU.ActiveCfg = Release|x86
		{B136C594-8CEC-4B3C-ADD4-5735CFAEA13F}.Release|ARM.ActiveCfg = Release|ARM
		{B136C594-8CEC-4B3C-ADD4-5735CFAEA13F}.Release|ARM.Build.0 = Release|ARM
		{B136C594-8CEC-4B3C-ADD4-5735CFAEA13F}.Release|ARM.Deploy.0 = Release|ARM
		{B136C594-8CEC-4B3C-ADD4-5735CFAEA13F}.Release|iPhone.ActiveCfg = Release|x86
		{B136C594-8CEC-4B3C-ADD4-5735CFAEA13F}.Release|iPhoneSimulator.ActiveCfg = Release|x86
		{B136C594-8CEC-4B3C-ADD4-5735CFAEA13F}.Release|x64.ActiveCfg = Release|x64
		{B136C594-8CEC-4B3C-ADD4-5735CFAEA13F}.Release|x64.Build.0 = Release|x64
		{B136C594-8CEC-4B3C-ADD4-5735CFAEA13F}.Release|x64.Deploy.0 = Release|x64
		{B136C594-8CEC-4B3C-ADD4-5735CFAEA13F}.Release|x86.ActiveCfg = Release|x86
		{B136C594-8CEC-4B3C-ADD4-5735CFAEA13F}.Release|x86.Build.0 = Release|x86
		{B136C594-8CEC-4B3C-ADD4-5735CFAEA13F}.Release|x86.Deploy.0 = Release|x86
		{D623F19D-7A92-45BF-919C-D185A6A2E4E7}.Ad-Hoc|Any CPU.ActiveCfg = Release|Any CPU
		{D623F19D-7A92-45BF-919C-D185A6A2E4E7}.Ad-Hoc|Any CPU.Build.0 = Release|Any CPU
		{D623F19D-7A92-45BF-919C-D185A6A2E4E7}.Ad-Hoc|ARM.ActiveCfg = Release|Any CPU
		{D623F19D-7A92-45BF-919C-D185A6A2E4E7}.Ad-Hoc|ARM.Build.0 = Release|Any CPU
		{D623F19D-7A92-45BF-919C-D185A6A2E4E7}.Ad-Hoc|iPhone.ActiveCfg = Release|Any CPU
		{D623F19D-7A92-45BF-919C-D185A6A2E4E7}.Ad-Hoc|iPhone.Build.0 = Release|Any CPU
		{D623F19D-7A92-45BF-919C-D185A6A2E4E7}.Ad-Hoc|iPhoneSimulator.ActiveCfg = Release|Any CPU
		{D623F19D-7A92-45BF-919C-D185A6A2E4E7}.Ad-Hoc|iPhoneSimulator.Build.0 = Release|Any CPU
		{D623F19D-7A92-45BF-919C-D185A6A2E4E7}.Ad-Hoc|x64.ActiveCfg = Release|Any CPU
		{D623F19D-7A92-45BF-919C-D185A6A2E4E7}.Ad-Hoc|x64.Build.0 = Release|Any CPU
		{D623F19D-7A92-45BF-919C-D185A6A2E4E7}.Ad-Hoc|x86.ActiveCfg = Release|Any CPU
		{D623F19D-7A92-45BF-919C-D185A6A2E4E7}.Ad-Hoc|x86.Build.0 = Release|Any CPU
		{D623F19D-7A92-45BF-919C-D185A6A2E4E7}.AppStore|Any CPU.ActiveCfg = Release|Any CPU
		{D623F19D-7A92-45BF-919C-D185A6A2E4E7}.AppStore|Any CPU.Build.0 = Release|Any CPU
		{D623F19D-7A92-45BF-919C-D185A6A2E4E7}.AppStore|ARM.ActiveCfg = Release|Any CPU
		{D623F19D-7A92-45BF-919C-D185A6A2E4E7}.AppStore|ARM.Build.0 = Release|Any CPU
		{D623F19D-7A92-45BF-919C-D185A6A2E4E7}.AppStore|iPhone.ActiveCfg = Release|Any CPU
		{D623F19D-7A92-45BF-919C-D185A6A2E4E7}.AppStore|iPhone.Build.0 = Release|Any CPU
		{D623F19D-7A92-45BF-919C-D185A6A2E4E7}.AppStore|iPhoneSimulator.ActiveCfg = Release|Any CPU
		{D623F19D-7A92-45BF-919C-D185A6A2E4E7}.AppStore|iPhoneSimulator.Build.0 = Release|Any CPU
		{D623F19D-7A92-45BF-919C-D185A6A2E4E7}.AppStore|x64.ActiveCfg = Release|Any CPU
		{D623F19D-7A92-45BF-919C-D185A6A2E4E7}.AppStore|x64.Build.0 = Release|Any CPU
		{D623F19D-7A92-45BF-919C-D185A6A2E4E7}.AppStore|x86.ActiveCfg = Release|Any CPU
		{D623F19D-7A92-45BF-919C-D185A6A2E4E7}.AppStore|x86.Build.0 = Release|Any CPU
		{D623F19D-7A92-45BF-919C-D185A6A2E4E7}.Debug|Any CPU.ActiveCfg = Debug|Any CPU
		{D623F19D-7A92-45BF-919C-D185A6A2E4E7}.Debug|Any CPU.Build.0 = Debug|Any CPU
		{D623F19D-7A92-45BF-919C-D185A6A2E4E7}.Debug|ARM.ActiveCfg = Debug|Any CPU
		{D623F19D-7A92-45BF-919C-D185A6A2E4E7}.Debug|ARM.Build.0 = Debug|Any CPU
		{D623F19D-7A92-45BF-919C-D185A6A2E4E7}.Debug|iPhone.ActiveCfg = Debug|Any CPU
		{D623F19D-7A92-45BF-919C-D185A6A2E4E7}.Debug|iPhone.Build.0 = Debug|Any CPU
		{D623F19D-7A92-45BF-919C-D185A6A2E4E7}.Debug|iPhoneSimulator.ActiveCfg = Debug|Any CPU
		{D623F19D-7A92-45BF-919C-D185A6A2E4E7}.Debug|iPhoneSimulator.Build.0 = Debug|Any CPU
		{D623F19D-7A92-45BF-919C-D185A6A2E4E7}.Debug|x64.ActiveCfg = Debug|Any CPU
		{D623F19D-7A92-45BF-919C-D185A6A2E4E7}.Debug|x64.Build.0 = Debug|Any CPU
		{D623F19D-7A92-45BF-919C-D185A6A2E4E7}.Debug|x86.ActiveCfg = Debug|Any CPU
		{D623F19D-7A92-45BF-919C-D185A6A2E4E7}.Debug|x86.Build.0 = Debug|Any CPU
		{D623F19D-7A92-45BF-919C-D185A6A2E4E7}.Release|Any CPU.ActiveCfg = Release|Any CPU
		{D623F19D-7A92-45BF-919C-D185A6A2E4E7}.Release|Any CPU.Build.0 = Release|Any CPU
		{D623F19D-7A92-45BF-919C-D185A6A2E4E7}.Release|ARM.ActiveCfg = Release|Any CPU
		{D623F19D-7A92-45BF-919C-D185A6A2E4E7}.Release|ARM.Build.0 = Release|Any CPU
		{D623F19D-7A92-45BF-919C-D185A6A2E4E7}.Release|iPhone.ActiveCfg = Release|Any CPU
		{D623F19D-7A92-45BF-919C-D185A6A2E4E7}.Release|iPhone.Build.0 = Release|Any CPU
		{D623F19D-7A92-45BF-919C-D185A6A2E4E7}.Release|iPhoneSimulator.ActiveCfg = Release|Any CPU
		{D623F19D-7A92-45BF-919C-D185A6A2E4E7}.Release|iPhoneSimulator.Build.0 = Release|Any CPU
		{D623F19D-7A92-45BF-919C-D185A6A2E4E7}.Release|x64.ActiveCfg = Release|Any CPU
		{D623F19D-7A92-45BF-919C-D185A6A2E4E7}.Release|x64.Build.0 = Release|Any CPU
		{D623F19D-7A92-45BF-919C-D185A6A2E4E7}.Release|x86.ActiveCfg = Release|Any CPU
		{D623F19D-7A92-45BF-919C-D185A6A2E4E7}.Release|x86.Build.0 = Release|Any CPU
		{CC419A6E-82EF-42A2-9487-C1D70EB14B34}.Ad-Hoc|Any CPU.ActiveCfg = Release|Any CPU
		{CC419A6E-82EF-42A2-9487-C1D70EB14B34}.Ad-Hoc|Any CPU.Build.0 = Release|Any CPU
		{CC419A6E-82EF-42A2-9487-C1D70EB14B34}.Ad-Hoc|ARM.ActiveCfg = Release|Any CPU
		{CC419A6E-82EF-42A2-9487-C1D70EB14B34}.Ad-Hoc|ARM.Build.0 = Release|Any CPU
		{CC419A6E-82EF-42A2-9487-C1D70EB14B34}.Ad-Hoc|iPhone.ActiveCfg = Release|Any CPU
		{CC419A6E-82EF-42A2-9487-C1D70EB14B34}.Ad-Hoc|iPhone.Build.0 = Release|Any CPU
		{CC419A6E-82EF-42A2-9487-C1D70EB14B34}.Ad-Hoc|iPhoneSimulator.ActiveCfg = Release|Any CPU
		{CC419A6E-82EF-42A2-9487-C1D70EB14B34}.Ad-Hoc|iPhoneSimulator.Build.0 = Release|Any CPU
		{CC419A6E-82EF-42A2-9487-C1D70EB14B34}.Ad-Hoc|x64.ActiveCfg = Release|Any CPU
		{CC419A6E-82EF-42A2-9487-C1D70EB14B34}.Ad-Hoc|x64.Build.0 = Release|Any CPU
		{CC419A6E-82EF-42A2-9487-C1D70EB14B34}.Ad-Hoc|x86.ActiveCfg = Release|Any CPU
		{CC419A6E-82EF-42A2-9487-C1D70EB14B34}.Ad-Hoc|x86.Build.0 = Release|Any CPU
		{CC419A6E-82EF-42A2-9487-C1D70EB14B34}.AppStore|Any CPU.ActiveCfg = Release|Any CPU
		{CC419A6E-82EF-42A2-9487-C1D70EB14B34}.AppStore|Any CPU.Build.0 = Release|Any CPU
		{CC419A6E-82EF-42A2-9487-C1D70EB14B34}.AppStore|ARM.ActiveCfg = Release|Any CPU
		{CC419A6E-82EF-42A2-9487-C1D70EB14B34}.AppStore|ARM.Build.0 = Release|Any CPU
		{CC419A6E-82EF-42A2-9487-C1D70EB14B34}.AppStore|iPhone.ActiveCfg = Release|Any CPU
		{CC419A6E-82EF-42A2-9487-C1D70EB14B34}.AppStore|iPhone.Build.0 = Release|Any CPU
		{CC419A6E-82EF-42A2-9487-C1D70EB14B34}.AppStore|iPhoneSimulator.ActiveCfg = Release|Any CPU
		{CC419A6E-82EF-42A2-9487-C1D70EB14B34}.AppStore|iPhoneSimulator.Build.0 = Release|Any CPU
		{CC419A6E-82EF-42A2-9487-C1D70EB14B34}.AppStore|x64.ActiveCfg = Release|Any CPU
		{CC419A6E-82EF-42A2-9487-C1D70EB14B34}.AppStore|x64.Build.0 = Release|Any CPU
		{CC419A6E-82EF-42A2-9487-C1D70EB14B34}.AppStore|x86.ActiveCfg = Release|Any CPU
		{CC419A6E-82EF-42A2-9487-C1D70EB14B34}.AppStore|x86.Build.0 = Release|Any CPU
		{CC419A6E-82EF-42A2-9487-C1D70EB14B34}.Debug|Any CPU.ActiveCfg = Debug|Any CPU
		{CC419A6E-82EF-42A2-9487-C1D70EB14B34}.Debug|Any CPU.Build.0 = Debug|Any CPU
		{CC419A6E-82EF-42A2-9487-C1D70EB14B34}.Debug|ARM.ActiveCfg = Debug|Any CPU
		{CC419A6E-82EF-42A2-9487-C1D70EB14B34}.Debug|ARM.Build.0 = Debug|Any CPU
		{CC419A6E-82EF-42A2-9487-C1D70EB14B34}.Debug|iPhone.ActiveCfg = Debug|Any CPU
		{CC419A6E-82EF-42A2-9487-C1D70EB14B34}.Debug|iPhone.Build.0 = Debug|Any CPU
		{CC419A6E-82EF-42A2-9487-C1D70EB14B34}.Debug|iPhoneSimulator.ActiveCfg = Debug|Any CPU
		{CC419A6E-82EF-42A2-9487-C1D70EB14B34}.Debug|iPhoneSimulator.Build.0 = Debug|Any CPU
		{CC419A6E-82EF-42A2-9487-C1D70EB14B34}.Debug|x64.ActiveCfg = Debug|Any CPU
		{CC419A6E-82EF-42A2-9487-C1D70EB14B34}.Debug|x64.Build.0 = Debug|Any CPU
		{CC419A6E-82EF-42A2-9487-C1D70EB14B34}.Debug|x86.ActiveCfg = Debug|Any CPU
		{CC419A6E-82EF-42A2-9487-C1D70EB14B34}.Debug|x86.Build.0 = Debug|Any CPU
		{CC419A6E-82EF-42A2-9487-C1D70EB14B34}.Release|Any CPU.ActiveCfg = Release|Any CPU
		{CC419A6E-82EF-42A2-9487-C1D70EB14B34}.Release|Any CPU.Build.0 = Release|Any CPU
		{CC419A6E-82EF-42A2-9487-C1D70EB14B34}.Release|ARM.ActiveCfg = Release|Any CPU
		{CC419A6E-82EF-42A2-9487-C1D70EB14B34}.Release|ARM.Build.0 = Release|Any CPU
		{CC419A6E-82EF-42A2-9487-C1D70EB14B34}.Release|iPhone.ActiveCfg = Release|Any CPU
		{CC419A6E-82EF-42A2-9487-C1D70EB14B34}.Release|iPhone.Build.0 = Release|Any CPU
		{CC419A6E-82EF-42A2-9487-C1D70EB14B34}.Release|iPhoneSimulator.ActiveCfg = Release|Any CPU
		{CC419A6E-82EF-42A2-9487-C1D70EB14B34}.Release|iPhoneSimulator.Build.0 = Release|Any CPU
		{CC419A6E-82EF-42A2-9487-C1D70EB14B34}.Release|x64.ActiveCfg = Release|Any CPU
		{CC419A6E-82EF-42A2-9487-C1D70EB14B34}.Release|x64.Build.0 = Release|Any CPU
		{CC419A6E-82EF-42A2-9487-C1D70EB14B34}.Release|x86.ActiveCfg = Release|Any CPU
		{CC419A6E-82EF-42A2-9487-C1D70EB14B34}.Release|x86.Build.0 = Release|Any CPU
	EndGlobalSection
	GlobalSection(SolutionProperties) = preSolution
		HideSolutionNode = FALSE
	EndGlobalSection
	GlobalSection(NestedProjects) = preSolution
		{D623F19D-7A92-45BF-919C-D185A6A2E4E7} = {286AEE2A-02A8-4345-A7A7-7955AD986BD3}
		{CC419A6E-82EF-42A2-9487-C1D70EB14B34} = {286AEE2A-02A8-4345-A7A7-7955AD986BD3}
	EndGlobalSection
EndGlobal
